// !$*UTF8*$!
{
	archiveVersion = 1;
	classes = {
	};
	objectVersion = 52;
	objects = {

/* Begin PBXBuildFile section */
		2236022B22C2B8F6006C179D /* qVecPostProcess.swift in Sources */ = {isa = PBXBuildFile; fileRef = 2236022A22C2B8F6006C179D /* qVecPostProcess.swift */; };
		2236022F22C3BFCE006C179D /* diskSparseBuffer.swift in Sources */ = {isa = PBXBuildFile; fileRef = 2236022E22C3BFCE006C179D /* diskSparseBuffer.swift */; };
		2236024922C4FB72006C179D /* testLoadBuffer.c in Sources */ = {isa = PBXBuildFile; fileRef = 2236024722C4F4F6006C179D /* testLoadBuffer.c */; };
		2236024B22C4FB8C006C179D /* cTestData.text in Resources */ = {isa = PBXBuildFile; fileRef = 2236024A22C4FB8C006C179D /* cTestData.text */; };
		2236025122C62F57006C179D /* Logging in Frameworks */ = {isa = PBXBuildFile; productRef = 2236025022C62F57006C179D /* Logging */; };
		229EBEC622B926BC0008AD43 /* main.swift in Sources */ = {isa = PBXBuildFile; fileRef = 229EBEC522B926BC0008AD43 /* main.swift */; };
		229EBED322B927220008AD43 /* QvecDims.swift in Sources */ = {isa = PBXBuildFile; fileRef = 229EBECC22B927220008AD43 /* QvecDims.swift */; };
		229EBED522B927220008AD43 /* InputFilesV4.swift in Sources */ = {isa = PBXBuildFile; fileRef = 229EBECE22B927220008AD43 /* InputFilesV4.swift */; };
		229EBED622B927220008AD43 /* typeAlias.swift in Sources */ = {isa = PBXBuildFile; fileRef = 229EBECF22B927220008AD43 /* typeAlias.swift */; };
		229EBED722B927220008AD43 /* PostProcessingDims.swift in Sources */ = {isa = PBXBuildFile; fileRef = 229EBED022B927220008AD43 /* PostProcessingDims.swift */; };
		229EBED922B927220008AD43 /* HelperFunctions.swift in Sources */ = {isa = PBXBuildFile; fileRef = 229EBED222B927220008AD43 /* HelperFunctions.swift */; };
		229EBEE422B9297F0008AD43 /* tdQvecPostProcessTests.swift in Sources */ = {isa = PBXBuildFile; fileRef = 229EBEE322B9297F0008AD43 /* tdQvecPostProcessTests.swift */; };
		229EBEED22B929AE0008AD43 /* LinuxMain.swift in Sources */ = {isa = PBXBuildFile; fileRef = 229EBEE922B929AE0008AD43 /* LinuxMain.swift */; };
		229EBEEF22B929AE0008AD43 /* XCTestManifests.swift in Sources */ = {isa = PBXBuildFile; fileRef = 229EBEEB22B929AE0008AD43 /* XCTestManifests.swift */; };
		229EBF2822B92A4D0008AD43 /* Post_Processing_Dims_dims.0.0.0.V4.json in Resources */ = {isa = PBXBuildFile; fileRef = 229EBEF322B92A4D0008AD43 /* Post_Processing_Dims_dims.0.0.0.V4.json */; };
		229EBF2922B92A4D0008AD43 /* Qvec.node.0.1.0.V4.bin in Resources */ = {isa = PBXBuildFile; fileRef = 229EBEF422B92A4D0008AD43 /* Qvec.node.0.1.0.V4.bin */; };
		229EBF2A22B92A4D0008AD43 /* Qvec.F3.node.0.1.1.V4.bin in Resources */ = {isa = PBXBuildFile; fileRef = 229EBEF522B92A4D0008AD43 /* Qvec.F3.node.0.1.1.V4.bin */; };
		229EBF2B22B92A4D0008AD43 /* Qvec.F3.node.1.1.0.V4.bin in Resources */ = {isa = PBXBuildFile; fileRef = 229EBEF622B92A4D0008AD43 /* Qvec.F3.node.1.1.0.V4.bin */; };
		229EBF2C22B92A4D0008AD43 /* Qvec.node.1.1.1.V4.bin in Resources */ = {isa = PBXBuildFile; fileRef = 229EBEF722B92A4D0008AD43 /* Qvec.node.1.1.1.V4.bin */; };
		229EBF2D22B92A4D0008AD43 /* Qvec.F3.node.1.1.1.V4.bin.json in Resources */ = {isa = PBXBuildFile; fileRef = 229EBEF822B92A4D0008AD43 /* Qvec.F3.node.1.1.1.V4.bin.json */; };
		229EBF2E22B92A4D0008AD43 /* Qvec.node.0.1.0.V4.bin.json in Resources */ = {isa = PBXBuildFile; fileRef = 229EBEF922B92A4D0008AD43 /* Qvec.node.0.1.0.V4.bin.json */; };
		229EBF2F22B92A4D0008AD43 /* Qvec.F3.node.0.1.1.V4.bin.json in Resources */ = {isa = PBXBuildFile; fileRef = 229EBEFA22B92A4D0008AD43 /* Qvec.F3.node.0.1.1.V4.bin.json */; };
		229EBF3022B92A4D0008AD43 /* Qvec.node.1.1.0.V4.bin.json in Resources */ = {isa = PBXBuildFile; fileRef = 229EBEFB22B92A4D0008AD43 /* Qvec.node.1.1.0.V4.bin.json */; };
		229EBF3122B92A4D0008AD43 /* Qvec.node.0.1.1.V4.bin.json in Resources */ = {isa = PBXBuildFile; fileRef = 229EBEFC22B92A4D0008AD43 /* Qvec.node.0.1.1.V4.bin.json */; };
		229EBF3222B92A4D0008AD43 /* Qvec.F3.node.0.1.0.V4.bin in Resources */ = {isa = PBXBuildFile; fileRef = 229EBEFD22B92A4D0008AD43 /* Qvec.F3.node.0.1.0.V4.bin */; };
		229EBF3322B92A4D0008AD43 /* Qvec.node.0.1.1.V4.bin in Resources */ = {isa = PBXBuildFile; fileRef = 229EBEFE22B92A4D0008AD43 /* Qvec.node.0.1.1.V4.bin */; };
		229EBF3422B92A4D0008AD43 /* Qvec.F3.node.1.1.0.V4.bin.json in Resources */ = {isa = PBXBuildFile; fileRef = 229EBEFF22B92A4D0008AD43 /* Qvec.F3.node.1.1.0.V4.bin.json */; };
		229EBF3522B92A4D0008AD43 /* Qvec.node.1.1.0.V4.bin in Resources */ = {isa = PBXBuildFile; fileRef = 229EBF0022B92A4D0008AD43 /* Qvec.node.1.1.0.V4.bin */; };
		229EBF3622B92A4D0008AD43 /* Qvec.F3.node.1.1.1.V4.bin in Resources */ = {isa = PBXBuildFile; fileRef = 229EBF0122B92A4D0008AD43 /* Qvec.F3.node.1.1.1.V4.bin */; };
		229EBF3722B92A4D0008AD43 /* Qvec.node.1.1.1.V4.bin.json in Resources */ = {isa = PBXBuildFile; fileRef = 229EBF0222B92A4D0008AD43 /* Qvec.node.1.1.1.V4.bin.json */; };
		229EBF3822B92A4D0008AD43 /* Qvec.F3.node.0.1.0.V4.bin.json in Resources */ = {isa = PBXBuildFile; fileRef = 229EBF0322B92A4D0008AD43 /* Qvec.F3.node.0.1.0.V4.bin.json */; };
		229EBF3922B92A4D0008AD43 /* Post_Processing_Dims_dims.0.0.0.V4.json in Resources */ = {isa = PBXBuildFile; fileRef = 229EBF0522B92A4D0008AD43 /* Post_Processing_Dims_dims.0.0.0.V4.json */; };
		229EBF3A22B92A4D0008AD43 /* Qvec.node.0.1.0.V4.bin in Resources */ = {isa = PBXBuildFile; fileRef = 229EBF0622B92A4D0008AD43 /* Qvec.node.0.1.0.V4.bin */; };
		229EBF3B22B92A4D0008AD43 /* Qvec.F3.node.0.1.1.V4.bin in Resources */ = {isa = PBXBuildFile; fileRef = 229EBF0722B92A4D0008AD43 /* Qvec.F3.node.0.1.1.V4.bin */; };
		229EBF3C22B92A4D0008AD43 /* Qvec.F3.node.1.1.0.V4.bin in Resources */ = {isa = PBXBuildFile; fileRef = 229EBF0822B92A4D0008AD43 /* Qvec.F3.node.1.1.0.V4.bin */; };
		229EBF3D22B92A4D0008AD43 /* Qvec.node.1.1.1.V4.bin in Resources */ = {isa = PBXBuildFile; fileRef = 229EBF0922B92A4D0008AD43 /* Qvec.node.1.1.1.V4.bin */; };
		229EBF3E22B92A4D0008AD43 /* Qvec.F3.node.1.1.1.V4.bin.json in Resources */ = {isa = PBXBuildFile; fileRef = 229EBF0A22B92A4D0008AD43 /* Qvec.F3.node.1.1.1.V4.bin.json */; };
		229EBF3F22B92A4D0008AD43 /* Qvec.node.0.1.0.V4.bin.json in Resources */ = {isa = PBXBuildFile; fileRef = 229EBF0B22B92A4D0008AD43 /* Qvec.node.0.1.0.V4.bin.json */; };
		229EBF4022B92A4D0008AD43 /* Qvec.F3.node.0.1.1.V4.bin.json in Resources */ = {isa = PBXBuildFile; fileRef = 229EBF0C22B92A4D0008AD43 /* Qvec.F3.node.0.1.1.V4.bin.json */; };
		229EBF4122B92A4D0008AD43 /* Qvec.node.1.1.0.V4.bin.json in Resources */ = {isa = PBXBuildFile; fileRef = 229EBF0D22B92A4D0008AD43 /* Qvec.node.1.1.0.V4.bin.json */; };
		229EBF4222B92A4D0008AD43 /* Qvec.node.0.1.1.V4.bin.json in Resources */ = {isa = PBXBuildFile; fileRef = 229EBF0E22B92A4D0008AD43 /* Qvec.node.0.1.1.V4.bin.json */; };
		229EBF4322B92A4D0008AD43 /* Qvec.F3.node.0.1.0.V4.bin in Resources */ = {isa = PBXBuildFile; fileRef = 229EBF0F22B92A4D0008AD43 /* Qvec.F3.node.0.1.0.V4.bin */; };
		229EBF4422B92A4D0008AD43 /* Qvec.node.0.1.1.V4.bin in Resources */ = {isa = PBXBuildFile; fileRef = 229EBF1022B92A4D0008AD43 /* Qvec.node.0.1.1.V4.bin */; };
		229EBF4522B92A4D0008AD43 /* Qvec.F3.node.1.1.0.V4.bin.json in Resources */ = {isa = PBXBuildFile; fileRef = 229EBF1122B92A4D0008AD43 /* Qvec.F3.node.1.1.0.V4.bin.json */; };
		229EBF4622B92A4D0008AD43 /* Qvec.node.1.1.0.V4.bin in Resources */ = {isa = PBXBuildFile; fileRef = 229EBF1222B92A4D0008AD43 /* Qvec.node.1.1.0.V4.bin */; };
		229EBF4722B92A4D0008AD43 /* Qvec.F3.node.1.1.1.V4.bin in Resources */ = {isa = PBXBuildFile; fileRef = 229EBF1322B92A4D0008AD43 /* Qvec.F3.node.1.1.1.V4.bin */; };
		229EBF4822B92A4D0008AD43 /* Qvec.node.1.1.1.V4.bin.json in Resources */ = {isa = PBXBuildFile; fileRef = 229EBF1422B92A4D0008AD43 /* Qvec.node.1.1.1.V4.bin.json */; };
		229EBF4922B92A4D0008AD43 /* Qvec.F3.node.0.1.0.V4.bin.json in Resources */ = {isa = PBXBuildFile; fileRef = 229EBF1522B92A4D0008AD43 /* Qvec.F3.node.0.1.0.V4.bin.json */; };
		229EBF4A22B92A4D0008AD43 /* Post_Processing_Dims_dims.0.0.0.V4.json in Resources */ = {isa = PBXBuildFile; fileRef = 229EBF1722B92A4D0008AD43 /* Post_Processing_Dims_dims.0.0.0.V4.json */; };
		229EBF4B22B92A4D0008AD43 /* Qvec.node.0.1.0.V4.bin in Resources */ = {isa = PBXBuildFile; fileRef = 229EBF1822B92A4D0008AD43 /* Qvec.node.0.1.0.V4.bin */; };
		229EBF4C22B92A4D0008AD43 /* Qvec.F3.node.0.1.1.V4.bin in Resources */ = {isa = PBXBuildFile; fileRef = 229EBF1922B92A4D0008AD43 /* Qvec.F3.node.0.1.1.V4.bin */; };
		229EBF4D22B92A4D0008AD43 /* Qvec.F3.node.1.1.0.V4.bin in Resources */ = {isa = PBXBuildFile; fileRef = 229EBF1A22B92A4D0008AD43 /* Qvec.F3.node.1.1.0.V4.bin */; };
		229EBF4E22B92A4D0008AD43 /* Qvec.node.1.1.1.V4.bin in Resources */ = {isa = PBXBuildFile; fileRef = 229EBF1B22B92A4D0008AD43 /* Qvec.node.1.1.1.V4.bin */; };
		229EBF4F22B92A4D0008AD43 /* Qvec.F3.node.1.1.1.V4.bin.json in Resources */ = {isa = PBXBuildFile; fileRef = 229EBF1C22B92A4D0008AD43 /* Qvec.F3.node.1.1.1.V4.bin.json */; };
		229EBF5022B92A4D0008AD43 /* Qvec.node.0.1.0.V4.bin.json in Resources */ = {isa = PBXBuildFile; fileRef = 229EBF1D22B92A4D0008AD43 /* Qvec.node.0.1.0.V4.bin.json */; };
		229EBF5122B92A4D0008AD43 /* Qvec.F3.node.0.1.1.V4.bin.json in Resources */ = {isa = PBXBuildFile; fileRef = 229EBF1E22B92A4D0008AD43 /* Qvec.F3.node.0.1.1.V4.bin.json */; };
		229EBF5222B92A4D0008AD43 /* Qvec.node.1.1.0.V4.bin.json in Resources */ = {isa = PBXBuildFile; fileRef = 229EBF1F22B92A4D0008AD43 /* Qvec.node.1.1.0.V4.bin.json */; };
		229EBF5322B92A4D0008AD43 /* Qvec.node.0.1.1.V4.bin.json in Resources */ = {isa = PBXBuildFile; fileRef = 229EBF2022B92A4D0008AD43 /* Qvec.node.0.1.1.V4.bin.json */; };
		229EBF5422B92A4D0008AD43 /* Qvec.F3.node.0.1.0.V4.bin in Resources */ = {isa = PBXBuildFile; fileRef = 229EBF2122B92A4D0008AD43 /* Qvec.F3.node.0.1.0.V4.bin */; };
		229EBF5522B92A4D0008AD43 /* Qvec.node.0.1.1.V4.bin in Resources */ = {isa = PBXBuildFile; fileRef = 229EBF2222B92A4D0008AD43 /* Qvec.node.0.1.1.V4.bin */; };
		229EBF5622B92A4D0008AD43 /* Qvec.F3.node.1.1.0.V4.bin.json in Resources */ = {isa = PBXBuildFile; fileRef = 229EBF2322B92A4D0008AD43 /* Qvec.F3.node.1.1.0.V4.bin.json */; };
		229EBF5722B92A4D0008AD43 /* Qvec.node.1.1.0.V4.bin in Resources */ = {isa = PBXBuildFile; fileRef = 229EBF2422B92A4D0008AD43 /* Qvec.node.1.1.0.V4.bin */; };
		229EBF5822B92A4D0008AD43 /* Qvec.F3.node.1.1.1.V4.bin in Resources */ = {isa = PBXBuildFile; fileRef = 229EBF2522B92A4D0008AD43 /* Qvec.F3.node.1.1.1.V4.bin */; };
		229EBF5922B92A4D0008AD43 /* Qvec.node.1.1.1.V4.bin.json in Resources */ = {isa = PBXBuildFile; fileRef = 229EBF2622B92A4D0008AD43 /* Qvec.node.1.1.1.V4.bin.json */; };
		229EBF5A22B92A4D0008AD43 /* Qvec.F3.node.0.1.0.V4.bin.json in Resources */ = {isa = PBXBuildFile; fileRef = 229EBF2722B92A4D0008AD43 /* Qvec.F3.node.0.1.0.V4.bin.json */; };
/* End PBXBuildFile section */

/* Begin PBXCopyFilesBuildPhase section */
		229EBEC022B926BC0008AD43 /* CopyFiles */ = {
			isa = PBXCopyFilesBuildPhase;
			buildActionMask = 2147483647;
			dstPath = /usr/share/man/man1/;
			dstSubfolderSpec = 0;
			files = (
			);
			runOnlyForDeploymentPostprocessing = 1;
		};
/* End PBXCopyFilesBuildPhase section */

/* Begin PBXFileReference section */
		2236022A22C2B8F6006C179D /* qVecPostProcess.swift */ = {isa = PBXFileReference; fileEncoding = 4; lastKnownFileType = sourcecode.swift; path = qVecPostProcess.swift; sourceTree = "<group>"; };
		2236022E22C3BFCE006C179D /* diskSparseBuffer.swift */ = {isa = PBXFileReference; fileEncoding = 4; lastKnownFileType = sourcecode.swift; path = diskSparseBuffer.swift; sourceTree = "<group>"; };
		2236024722C4F4F6006C179D /* testLoadBuffer.c */ = {isa = PBXFileReference; lastKnownFileType = sourcecode.c.c; path = testLoadBuffer.c; sourceTree = "<group>"; };
		2236024A22C4FB8C006C179D /* cTestData.text */ = {isa = PBXFileReference; fileEncoding = 4; lastKnownFileType = net.daringfireball.markdown; name = cTestData.text; path = tdQvecPostProcessTests/cTestData.text; sourceTree = SOURCE_ROOT; };
		226E7B4722BA5AF400F26D9D /* contour_Q4.ipynb */ = {isa = PBXFileReference; lastKnownFileType = text; path = contour_Q4.ipynb; sourceTree = "<group>"; };
		229EBEC222B926BC0008AD43 /* tdQvecPostProcess */ = {isa = PBXFileReference; explicitFileType = "compiled.mach-o.executable"; includeInIndex = 0; path = tdQvecPostProcess; sourceTree = BUILT_PRODUCTS_DIR; };
		229EBEC522B926BC0008AD43 /* main.swift */ = {isa = PBXFileReference; lastKnownFileType = sourcecode.swift; path = main.swift; sourceTree = "<group>"; };
		229EBECC22B927220008AD43 /* QvecDims.swift */ = {isa = PBXFileReference; fileEncoding = 4; lastKnownFileType = sourcecode.swift; path = QvecDims.swift; sourceTree = "<group>"; };
		229EBECE22B927220008AD43 /* InputFilesV4.swift */ = {isa = PBXFileReference; fileEncoding = 4; lastKnownFileType = sourcecode.swift; path = InputFilesV4.swift; sourceTree = "<group>"; };
		229EBECF22B927220008AD43 /* typeAlias.swift */ = {isa = PBXFileReference; fileEncoding = 4; lastKnownFileType = sourcecode.swift; path = typeAlias.swift; sourceTree = "<group>"; };
		229EBED022B927220008AD43 /* PostProcessingDims.swift */ = {isa = PBXFileReference; fileEncoding = 4; lastKnownFileType = sourcecode.swift; path = PostProcessingDims.swift; sourceTree = "<group>"; };
		229EBED222B927220008AD43 /* HelperFunctions.swift */ = {isa = PBXFileReference; fileEncoding = 4; lastKnownFileType = sourcecode.swift; path = HelperFunctions.swift; sourceTree = "<group>"; };
		229EBEDB22B9274F0008AD43 /* README.md */ = {isa = PBXFileReference; fileEncoding = 4; lastKnownFileType = net.daringfireball.markdown; path = README.md; sourceTree = "<group>"; };
		229EBEDC22B9274F0008AD43 /* XYZ_planes.jpg */ = {isa = PBXFileReference; lastKnownFileType = image.jpeg; path = XYZ_planes.jpg; sourceTree = "<group>"; };
		229EBEE122B9297F0008AD43 /* tdQvecPostProcessTests.xctest */ = {isa = PBXFileReference; explicitFileType = wrapper.cfbundle; includeInIndex = 0; path = tdQvecPostProcessTests.xctest; sourceTree = BUILT_PRODUCTS_DIR; };
		229EBEE322B9297F0008AD43 /* tdQvecPostProcessTests.swift */ = {isa = PBXFileReference; lastKnownFileType = sourcecode.swift; path = tdQvecPostProcessTests.swift; sourceTree = "<group>"; };
		229EBEE522B9297F0008AD43 /* Info.plist */ = {isa = PBXFileReference; lastKnownFileType = text.plist.xml; path = Info.plist; sourceTree = "<group>"; };
		229EBEE922B929AE0008AD43 /* LinuxMain.swift */ = {isa = PBXFileReference; fileEncoding = 4; lastKnownFileType = sourcecode.swift; path = LinuxMain.swift; sourceTree = "<group>"; };
		229EBEEB22B929AE0008AD43 /* XCTestManifests.swift */ = {isa = PBXFileReference; fileEncoding = 4; lastKnownFileType = sourcecode.swift; path = XCTestManifests.swift; sourceTree = "<group>"; };
		229EBEF322B92A4D0008AD43 /* Post_Processing_Dims_dims.0.0.0.V4.json */ = {isa = PBXFileReference; fileEncoding = 4; lastKnownFileType = text.json; path = Post_Processing_Dims_dims.0.0.0.V4.json; sourceTree = "<group>"; };
		229EBEF422B92A4D0008AD43 /* Qvec.node.0.1.0.V4.bin */ = {isa = PBXFileReference; lastKnownFileType = archive.macbinary; path = Qvec.node.0.1.0.V4.bin; sourceTree = "<group>"; };
		229EBEF522B92A4D0008AD43 /* Qvec.F3.node.0.1.1.V4.bin */ = {isa = PBXFileReference; lastKnownFileType = archive.macbinary; path = Qvec.F3.node.0.1.1.V4.bin; sourceTree = "<group>"; };
		229EBEF622B92A4D0008AD43 /* Qvec.F3.node.1.1.0.V4.bin */ = {isa = PBXFileReference; lastKnownFileType = archive.macbinary; path = Qvec.F3.node.1.1.0.V4.bin; sourceTree = "<group>"; };
		229EBEF722B92A4D0008AD43 /* Qvec.node.1.1.1.V4.bin */ = {isa = PBXFileReference; lastKnownFileType = archive.macbinary; path = Qvec.node.1.1.1.V4.bin; sourceTree = "<group>"; };
		229EBEF822B92A4D0008AD43 /* Qvec.F3.node.1.1.1.V4.bin.json */ = {isa = PBXFileReference; fileEncoding = 4; lastKnownFileType = text.json; path = Qvec.F3.node.1.1.1.V4.bin.json; sourceTree = "<group>"; };
		229EBEF922B92A4D0008AD43 /* Qvec.node.0.1.0.V4.bin.json */ = {isa = PBXFileReference; fileEncoding = 4; lastKnownFileType = text.json; path = Qvec.node.0.1.0.V4.bin.json; sourceTree = "<group>"; };
		229EBEFA22B92A4D0008AD43 /* Qvec.F3.node.0.1.1.V4.bin.json */ = {isa = PBXFileReference; fileEncoding = 4; lastKnownFileType = text.json; path = Qvec.F3.node.0.1.1.V4.bin.json; sourceTree = "<group>"; };
		229EBEFB22B92A4D0008AD43 /* Qvec.node.1.1.0.V4.bin.json */ = {isa = PBXFileReference; fileEncoding = 4; lastKnownFileType = text.json; path = Qvec.node.1.1.0.V4.bin.json; sourceTree = "<group>"; };
		229EBEFC22B92A4D0008AD43 /* Qvec.node.0.1.1.V4.bin.json */ = {isa = PBXFileReference; fileEncoding = 4; lastKnownFileType = text.json; path = Qvec.node.0.1.1.V4.bin.json; sourceTree = "<group>"; };
		229EBEFD22B92A4D0008AD43 /* Qvec.F3.node.0.1.0.V4.bin */ = {isa = PBXFileReference; lastKnownFileType = archive.macbinary; path = Qvec.F3.node.0.1.0.V4.bin; sourceTree = "<group>"; };
		229EBEFE22B92A4D0008AD43 /* Qvec.node.0.1.1.V4.bin */ = {isa = PBXFileReference; lastKnownFileType = archive.macbinary; path = Qvec.node.0.1.1.V4.bin; sourceTree = "<group>"; };
		229EBEFF22B92A4D0008AD43 /* Qvec.F3.node.1.1.0.V4.bin.json */ = {isa = PBXFileReference; fileEncoding = 4; lastKnownFileType = text.json; path = Qvec.F3.node.1.1.0.V4.bin.json; sourceTree = "<group>"; };
		229EBF0022B92A4D0008AD43 /* Qvec.node.1.1.0.V4.bin */ = {isa = PBXFileReference; lastKnownFileType = archive.macbinary; path = Qvec.node.1.1.0.V4.bin; sourceTree = "<group>"; };
		229EBF0122B92A4D0008AD43 /* Qvec.F3.node.1.1.1.V4.bin */ = {isa = PBXFileReference; lastKnownFileType = archive.macbinary; path = Qvec.F3.node.1.1.1.V4.bin; sourceTree = "<group>"; };
		229EBF0222B92A4D0008AD43 /* Qvec.node.1.1.1.V4.bin.json */ = {isa = PBXFileReference; fileEncoding = 4; lastKnownFileType = text.json; path = Qvec.node.1.1.1.V4.bin.json; sourceTree = "<group>"; };
		229EBF0322B92A4D0008AD43 /* Qvec.F3.node.0.1.0.V4.bin.json */ = {isa = PBXFileReference; fileEncoding = 4; lastKnownFileType = text.json; path = Qvec.F3.node.0.1.0.V4.bin.json; sourceTree = "<group>"; };
		229EBF0522B92A4D0008AD43 /* Post_Processing_Dims_dims.0.0.0.V4.json */ = {isa = PBXFileReference; fileEncoding = 4; lastKnownFileType = text.json; path = Post_Processing_Dims_dims.0.0.0.V4.json; sourceTree = "<group>"; };
		229EBF0622B92A4D0008AD43 /* Qvec.node.0.1.0.V4.bin */ = {isa = PBXFileReference; lastKnownFileType = archive.macbinary; path = Qvec.node.0.1.0.V4.bin; sourceTree = "<group>"; };
		229EBF0722B92A4D0008AD43 /* Qvec.F3.node.0.1.1.V4.bin */ = {isa = PBXFileReference; lastKnownFileType = archive.macbinary; path = Qvec.F3.node.0.1.1.V4.bin; sourceTree = "<group>"; };
		229EBF0822B92A4D0008AD43 /* Qvec.F3.node.1.1.0.V4.bin */ = {isa = PBXFileReference; lastKnownFileType = archive.macbinary; path = Qvec.F3.node.1.1.0.V4.bin; sourceTree = "<group>"; };
		229EBF0922B92A4D0008AD43 /* Qvec.node.1.1.1.V4.bin */ = {isa = PBXFileReference; lastKnownFileType = archive.macbinary; path = Qvec.node.1.1.1.V4.bin; sourceTree = "<group>"; };
		229EBF0A22B92A4D0008AD43 /* Qvec.F3.node.1.1.1.V4.bin.json */ = {isa = PBXFileReference; fileEncoding = 4; lastKnownFileType = text.json; path = Qvec.F3.node.1.1.1.V4.bin.json; sourceTree = "<group>"; };
		229EBF0B22B92A4D0008AD43 /* Qvec.node.0.1.0.V4.bin.json */ = {isa = PBXFileReference; fileEncoding = 4; lastKnownFileType = text.json; path = Qvec.node.0.1.0.V4.bin.json; sourceTree = "<group>"; };
		229EBF0C22B92A4D0008AD43 /* Qvec.F3.node.0.1.1.V4.bin.json */ = {isa = PBXFileReference; fileEncoding = 4; lastKnownFileType = text.json; path = Qvec.F3.node.0.1.1.V4.bin.json; sourceTree = "<group>"; };
		229EBF0D22B92A4D0008AD43 /* Qvec.node.1.1.0.V4.bin.json */ = {isa = PBXFileReference; fileEncoding = 4; lastKnownFileType = text.json; path = Qvec.node.1.1.0.V4.bin.json; sourceTree = "<group>"; };
		229EBF0E22B92A4D0008AD43 /* Qvec.node.0.1.1.V4.bin.json */ = {isa = PBXFileReference; fileEncoding = 4; lastKnownFileType = text.json; path = Qvec.node.0.1.1.V4.bin.json; sourceTree = "<group>"; };
		229EBF0F22B92A4D0008AD43 /* Qvec.F3.node.0.1.0.V4.bin */ = {isa = PBXFileReference; lastKnownFileType = archive.macbinary; path = Qvec.F3.node.0.1.0.V4.bin; sourceTree = "<group>"; };
		229EBF1022B92A4D0008AD43 /* Qvec.node.0.1.1.V4.bin */ = {isa = PBXFileReference; lastKnownFileType = archive.macbinary; path = Qvec.node.0.1.1.V4.bin; sourceTree = "<group>"; };
		229EBF1122B92A4D0008AD43 /* Qvec.F3.node.1.1.0.V4.bin.json */ = {isa = PBXFileReference; fileEncoding = 4; lastKnownFileType = text.json; path = Qvec.F3.node.1.1.0.V4.bin.json; sourceTree = "<group>"; };
		229EBF1222B92A4D0008AD43 /* Qvec.node.1.1.0.V4.bin */ = {isa = PBXFileReference; lastKnownFileType = archive.macbinary; path = Qvec.node.1.1.0.V4.bin; sourceTree = "<group>"; };
		229EBF1322B92A4D0008AD43 /* Qvec.F3.node.1.1.1.V4.bin */ = {isa = PBXFileReference; lastKnownFileType = archive.macbinary; path = Qvec.F3.node.1.1.1.V4.bin; sourceTree = "<group>"; };
		229EBF1422B92A4D0008AD43 /* Qvec.node.1.1.1.V4.bin.json */ = {isa = PBXFileReference; fileEncoding = 4; lastKnownFileType = text.json; path = Qvec.node.1.1.1.V4.bin.json; sourceTree = "<group>"; };
		229EBF1522B92A4D0008AD43 /* Qvec.F3.node.0.1.0.V4.bin.json */ = {isa = PBXFileReference; fileEncoding = 4; lastKnownFileType = text.json; path = Qvec.F3.node.0.1.0.V4.bin.json; sourceTree = "<group>"; };
		229EBF1722B92A4D0008AD43 /* Post_Processing_Dims_dims.0.0.0.V4.json */ = {isa = PBXFileReference; fileEncoding = 4; lastKnownFileType = text.json; path = Post_Processing_Dims_dims.0.0.0.V4.json; sourceTree = "<group>"; };
		229EBF1822B92A4D0008AD43 /* Qvec.node.0.1.0.V4.bin */ = {isa = PBXFileReference; lastKnownFileType = archive.macbinary; path = Qvec.node.0.1.0.V4.bin; sourceTree = "<group>"; };
		229EBF1922B92A4D0008AD43 /* Qvec.F3.node.0.1.1.V4.bin */ = {isa = PBXFileReference; lastKnownFileType = archive.macbinary; path = Qvec.F3.node.0.1.1.V4.bin; sourceTree = "<group>"; };
		229EBF1A22B92A4D0008AD43 /* Qvec.F3.node.1.1.0.V4.bin */ = {isa = PBXFileReference; lastKnownFileType = archive.macbinary; path = Qvec.F3.node.1.1.0.V4.bin; sourceTree = "<group>"; };
		229EBF1B22B92A4D0008AD43 /* Qvec.node.1.1.1.V4.bin */ = {isa = PBXFileReference; lastKnownFileType = archive.macbinary; path = Qvec.node.1.1.1.V4.bin; sourceTree = "<group>"; };
		229EBF1C22B92A4D0008AD43 /* Qvec.F3.node.1.1.1.V4.bin.json */ = {isa = PBXFileReference; fileEncoding = 4; lastKnownFileType = text.json; path = Qvec.F3.node.1.1.1.V4.bin.json; sourceTree = "<group>"; };
		229EBF1D22B92A4D0008AD43 /* Qvec.node.0.1.0.V4.bin.json */ = {isa = PBXFileReference; fileEncoding = 4; lastKnownFileType = text.json; path = Qvec.node.0.1.0.V4.bin.json; sourceTree = "<group>"; };
		229EBF1E22B92A4D0008AD43 /* Qvec.F3.node.0.1.1.V4.bin.json */ = {isa = PBXFileReference; fileEncoding = 4; lastKnownFileType = text.json; path = Qvec.F3.node.0.1.1.V4.bin.json; sourceTree = "<group>"; };
		229EBF1F22B92A4D0008AD43 /* Qvec.node.1.1.0.V4.bin.json */ = {isa = PBXFileReference; fileEncoding = 4; lastKnownFileType = text.json; path = Qvec.node.1.1.0.V4.bin.json; sourceTree = "<group>"; };
		229EBF2022B92A4D0008AD43 /* Qvec.node.0.1.1.V4.bin.json */ = {isa = PBXFileReference; fileEncoding = 4; lastKnownFileType = text.json; path = Qvec.node.0.1.1.V4.bin.json; sourceTree = "<group>"; };
		229EBF2122B92A4D0008AD43 /* Qvec.F3.node.0.1.0.V4.bin */ = {isa = PBXFileReference; lastKnownFileType = archive.macbinary; path = Qvec.F3.node.0.1.0.V4.bin; sourceTree = "<group>"; };
		229EBF2222B92A4D0008AD43 /* Qvec.node.0.1.1.V4.bin */ = {isa = PBXFileReference; lastKnownFileType = archive.macbinary; path = Qvec.node.0.1.1.V4.bin; sourceTree = "<group>"; };
		229EBF2322B92A4D0008AD43 /* Qvec.F3.node.1.1.0.V4.bin.json */ = {isa = PBXFileReference; fileEncoding = 4; lastKnownFileType = text.json; path = Qvec.F3.node.1.1.0.V4.bin.json; sourceTree = "<group>"; };
		229EBF2422B92A4D0008AD43 /* Qvec.node.1.1.0.V4.bin */ = {isa = PBXFileReference; lastKnownFileType = archive.macbinary; path = Qvec.node.1.1.0.V4.bin; sourceTree = "<group>"; };
		229EBF2522B92A4D0008AD43 /* Qvec.F3.node.1.1.1.V4.bin */ = {isa = PBXFileReference; lastKnownFileType = archive.macbinary; path = Qvec.F3.node.1.1.1.V4.bin; sourceTree = "<group>"; };
		229EBF2622B92A4D0008AD43 /* Qvec.node.1.1.1.V4.bin.json */ = {isa = PBXFileReference; fileEncoding = 4; lastKnownFileType = text.json; path = Qvec.node.1.1.1.V4.bin.json; sourceTree = "<group>"; };
		229EBF2722B92A4D0008AD43 /* Qvec.F3.node.0.1.0.V4.bin.json */ = {isa = PBXFileReference; fileEncoding = 4; lastKnownFileType = text.json; path = Qvec.F3.node.0.1.0.V4.bin.json; sourceTree = "<group>"; };
/* End PBXFileReference section */

/* Begin PBXFrameworksBuildPhase section */
		229EBEBF22B926BC0008AD43 /* Frameworks */ = {
			isa = PBXFrameworksBuildPhase;
			buildActionMask = 2147483647;
			files = (
				2236025122C62F57006C179D /* Logging in Frameworks */,
			);
			runOnlyForDeploymentPostprocessing = 0;
		};
		229EBEDE22B9297F0008AD43 /* Frameworks */ = {
			isa = PBXFrameworksBuildPhase;
			buildActionMask = 2147483647;
			files = (
			);
			runOnlyForDeploymentPostprocessing = 0;
		};
/* End PBXFrameworksBuildPhase section */

/* Begin PBXGroup section */
		226E7B4622BA5AF400F26D9D /* python */ = {
			isa = PBXGroup;
			children = (
				226E7B4722BA5AF400F26D9D /* contour_Q4.ipynb */,
			);
			path = python;
			sourceTree = "<group>";
		};
		229EBEB922B926BC0008AD43 = {
			isa = PBXGroup;
			children = (
				226E7B4622BA5AF400F26D9D /* python */,
				229EBEDB22B9274F0008AD43 /* README.md */,
				229EBEDC22B9274F0008AD43 /* XYZ_planes.jpg */,
				229EBEC422B926BC0008AD43 /* tdQvecPostProcess */,
				229EBEF122B92A4D0008AD43 /* TinyTestData */,
				229EBEE222B9297F0008AD43 /* tdQvecPostProcessTests */,
				229EBEC322B926BC0008AD43 /* Products */,
			);
			sourceTree = "<group>";
		};
		229EBEC322B926BC0008AD43 /* Products */ = {
			isa = PBXGroup;
			children = (
				229EBEC222B926BC0008AD43 /* tdQvecPostProcess */,
				229EBEE122B9297F0008AD43 /* tdQvecPostProcessTests.xctest */,
			);
			name = Products;
			sourceTree = "<group>";
		};
		229EBEC422B926BC0008AD43 /* tdQvecPostProcess */ = {
			isa = PBXGroup;
			children = (
				229EBECF22B927220008AD43 /* typeAlias.swift */,
				229EBED222B927220008AD43 /* HelperFunctions.swift */,
				229EBED022B927220008AD43 /* PostProcessingDims.swift */,
				229EBECC22B927220008AD43 /* QvecDims.swift */,
				229EBECE22B927220008AD43 /* InputFilesV4.swift */,
				2236022A22C2B8F6006C179D /* qVecPostProcess.swift */,
				2236022E22C3BFCE006C179D /* diskSparseBuffer.swift */,
				229EBEC522B926BC0008AD43 /* main.swift */,
			);
			path = tdQvecPostProcess;
			sourceTree = "<group>";
		};
		229EBEE222B9297F0008AD43 /* tdQvecPostProcessTests */ = {
			isa = PBXGroup;
			children = (
				229EBEE922B929AE0008AD43 /* LinuxMain.swift */,
				229EBEEB22B929AE0008AD43 /* XCTestManifests.swift */,
				229EBEE322B9297F0008AD43 /* tdQvecPostProcessTests.swift */,
				2236024A22C4FB8C006C179D /* cTestData.text */,
				2236024722C4F4F6006C179D /* testLoadBuffer.c */,
				229EBEE522B9297F0008AD43 /* Info.plist */,
			);
			path = tdQvecPostProcessTests;
			sourceTree = "<group>";
		};
		229EBEF122B92A4D0008AD43 /* TinyTestData */ = {
			isa = PBXGroup;
			children = (
				229EBEF222B92A4D0008AD43 /* plot_slice.XZplane.V_4.Q_4.step_00000050.cut_28 */,
				229EBF0422B92A4D0008AD43 /* plot_slice.XZplane.V_4.Q_4.step_00000050.cut_29 */,
				229EBF1622B92A4D0008AD43 /* plot_slice.XZplane.V_4.Q_4.step_00000050.cut_30 */,
			);
			path = TinyTestData;
			sourceTree = "<group>";
		};
		229EBEF222B92A4D0008AD43 /* plot_slice.XZplane.V_4.Q_4.step_00000050.cut_28 */ = {
			isa = PBXGroup;
			children = (
				229EBEF322B92A4D0008AD43 /* Post_Processing_Dims_dims.0.0.0.V4.json */,
				229EBEF422B92A4D0008AD43 /* Qvec.node.0.1.0.V4.bin */,
				229EBEF522B92A4D0008AD43 /* Qvec.F3.node.0.1.1.V4.bin */,
				229EBEF622B92A4D0008AD43 /* Qvec.F3.node.1.1.0.V4.bin */,
				229EBEF722B92A4D0008AD43 /* Qvec.node.1.1.1.V4.bin */,
				229EBEF822B92A4D0008AD43 /* Qvec.F3.node.1.1.1.V4.bin.json */,
				229EBEF922B92A4D0008AD43 /* Qvec.node.0.1.0.V4.bin.json */,
				229EBEFA22B92A4D0008AD43 /* Qvec.F3.node.0.1.1.V4.bin.json */,
				229EBEFB22B92A4D0008AD43 /* Qvec.node.1.1.0.V4.bin.json */,
				229EBEFC22B92A4D0008AD43 /* Qvec.node.0.1.1.V4.bin.json */,
				229EBEFD22B92A4D0008AD43 /* Qvec.F3.node.0.1.0.V4.bin */,
				229EBEFE22B92A4D0008AD43 /* Qvec.node.0.1.1.V4.bin */,
				229EBEFF22B92A4D0008AD43 /* Qvec.F3.node.1.1.0.V4.bin.json */,
				229EBF0022B92A4D0008AD43 /* Qvec.node.1.1.0.V4.bin */,
				229EBF0122B92A4D0008AD43 /* Qvec.F3.node.1.1.1.V4.bin */,
				229EBF0222B92A4D0008AD43 /* Qvec.node.1.1.1.V4.bin.json */,
				229EBF0322B92A4D0008AD43 /* Qvec.F3.node.0.1.0.V4.bin.json */,
			);
			path = plot_slice.XZplane.V_4.Q_4.step_00000050.cut_28;
			sourceTree = "<group>";
		};
		229EBF0422B92A4D0008AD43 /* plot_slice.XZplane.V_4.Q_4.step_00000050.cut_29 */ = {
			isa = PBXGroup;
			children = (
				229EBF0522B92A4D0008AD43 /* Post_Processing_Dims_dims.0.0.0.V4.json */,
				229EBF0622B92A4D0008AD43 /* Qvec.node.0.1.0.V4.bin */,
				229EBF0722B92A4D0008AD43 /* Qvec.F3.node.0.1.1.V4.bin */,
				229EBF0822B92A4D0008AD43 /* Qvec.F3.node.1.1.0.V4.bin */,
				229EBF0922B92A4D0008AD43 /* Qvec.node.1.1.1.V4.bin */,
				229EBF0A22B92A4D0008AD43 /* Qvec.F3.node.1.1.1.V4.bin.json */,
				229EBF0B22B92A4D0008AD43 /* Qvec.node.0.1.0.V4.bin.json */,
				229EBF0C22B92A4D0008AD43 /* Qvec.F3.node.0.1.1.V4.bin.json */,
				229EBF0D22B92A4D0008AD43 /* Qvec.node.1.1.0.V4.bin.json */,
				229EBF0E22B92A4D0008AD43 /* Qvec.node.0.1.1.V4.bin.json */,
				229EBF0F22B92A4D0008AD43 /* Qvec.F3.node.0.1.0.V4.bin */,
				229EBF1022B92A4D0008AD43 /* Qvec.node.0.1.1.V4.bin */,
				229EBF1122B92A4D0008AD43 /* Qvec.F3.node.1.1.0.V4.bin.json */,
				229EBF1222B92A4D0008AD43 /* Qvec.node.1.1.0.V4.bin */,
				229EBF1322B92A4D0008AD43 /* Qvec.F3.node.1.1.1.V4.bin */,
				229EBF1422B92A4D0008AD43 /* Qvec.node.1.1.1.V4.bin.json */,
				229EBF1522B92A4D0008AD43 /* Qvec.F3.node.0.1.0.V4.bin.json */,
			);
			path = plot_slice.XZplane.V_4.Q_4.step_00000050.cut_29;
			sourceTree = "<group>";
		};
		229EBF1622B92A4D0008AD43 /* plot_slice.XZplane.V_4.Q_4.step_00000050.cut_30 */ = {
			isa = PBXGroup;
			children = (
				229EBF1722B92A4D0008AD43 /* Post_Processing_Dims_dims.0.0.0.V4.json */,
				229EBF1822B92A4D0008AD43 /* Qvec.node.0.1.0.V4.bin */,
				229EBF1922B92A4D0008AD43 /* Qvec.F3.node.0.1.1.V4.bin */,
				229EBF1A22B92A4D0008AD43 /* Qvec.F3.node.1.1.0.V4.bin */,
				229EBF1B22B92A4D0008AD43 /* Qvec.node.1.1.1.V4.bin */,
				229EBF1C22B92A4D0008AD43 /* Qvec.F3.node.1.1.1.V4.bin.json */,
				229EBF1D22B92A4D0008AD43 /* Qvec.node.0.1.0.V4.bin.json */,
				229EBF1E22B92A4D0008AD43 /* Qvec.F3.node.0.1.1.V4.bin.json */,
				229EBF1F22B92A4D0008AD43 /* Qvec.node.1.1.0.V4.bin.json */,
				229EBF2022B92A4D0008AD43 /* Qvec.node.0.1.1.V4.bin.json */,
				229EBF2122B92A4D0008AD43 /* Qvec.F3.node.0.1.0.V4.bin */,
				229EBF2222B92A4D0008AD43 /* Qvec.node.0.1.1.V4.bin */,
				229EBF2322B92A4D0008AD43 /* Qvec.F3.node.1.1.0.V4.bin.json */,
				229EBF2422B92A4D0008AD43 /* Qvec.node.1.1.0.V4.bin */,
				229EBF2522B92A4D0008AD43 /* Qvec.F3.node.1.1.1.V4.bin */,
				229EBF2622B92A4D0008AD43 /* Qvec.node.1.1.1.V4.bin.json */,
				229EBF2722B92A4D0008AD43 /* Qvec.F3.node.0.1.0.V4.bin.json */,
			);
			path = plot_slice.XZplane.V_4.Q_4.step_00000050.cut_30;
			sourceTree = "<group>";
		};
/* End PBXGroup section */

/* Begin PBXNativeTarget section */
		229EBEC122B926BC0008AD43 /* tdQvecPostProcess */ = {
			isa = PBXNativeTarget;
			buildConfigurationList = 229EBEC922B926BC0008AD43 /* Build configuration list for PBXNativeTarget "tdQvecPostProcess" */;
			buildPhases = (
				229EBEBE22B926BC0008AD43 /* Sources */,
				229EBEBF22B926BC0008AD43 /* Frameworks */,
				229EBEC022B926BC0008AD43 /* CopyFiles */,
			);
			buildRules = (
			);
			dependencies = (
			);
			name = tdQvecPostProcess;
			packageProductDependencies = (
				2236025022C62F57006C179D /* Logging */,
			);
			productName = tdQvecPostProcess;
			productReference = 229EBEC222B926BC0008AD43 /* tdQvecPostProcess */;
			productType = "com.apple.product-type.tool";
		};
		229EBEE022B9297F0008AD43 /* tdQvecPostProcessTests */ = {
			isa = PBXNativeTarget;
			buildConfigurationList = 229EBEE622B9297F0008AD43 /* Build configuration list for PBXNativeTarget "tdQvecPostProcessTests" */;
			buildPhases = (
				229EBEDD22B9297F0008AD43 /* Sources */,
				229EBEDE22B9297F0008AD43 /* Frameworks */,
				229EBEDF22B9297F0008AD43 /* Resources */,
			);
			buildRules = (
			);
			dependencies = (
			);
			name = tdQvecPostProcessTests;
			productName = tdQvecPostProcessTests;
			productReference = 229EBEE122B9297F0008AD43 /* tdQvecPostProcessTests.xctest */;
			productType = "com.apple.product-type.bundle.unit-test";
		};
/* End PBXNativeTarget section */

/* Begin PBXProject section */
		229EBEBA22B926BC0008AD43 /* Project object */ = {
			isa = PBXProject;
			attributes = {
				LastSwiftUpdateCheck = 1100;
				LastUpgradeCheck = 1100;
				ORGANIZATIONNAME = "Turbulent Dynamics";
				TargetAttributes = {
					229EBEC122B926BC0008AD43 = {
						CreatedOnToolsVersion = 11.0;
						LastSwiftMigration = 1100;
					};
					229EBEE022B9297F0008AD43 = {
						CreatedOnToolsVersion = 11.0;
					};
				};
			};
			buildConfigurationList = 229EBEBD22B926BC0008AD43 /* Build configuration list for PBXProject "tdQvecPostProcess" */;
			compatibilityVersion = "Xcode 10.0";
			developmentRegion = en;
			hasScannedForEncodings = 0;
			knownRegions = (
				en,
				Base,
			);
			mainGroup = 229EBEB922B926BC0008AD43;
			packageReferences = (
				2236024F22C62F57006C179D /* XCRemoteSwiftPackageReference "swift-log" */,
			);
			productRefGroup = 229EBEC322B926BC0008AD43 /* Products */;
			projectDirPath = "";
			projectRoot = "";
			targets = (
				229EBEC122B926BC0008AD43 /* tdQvecPostProcess */,
				229EBEE022B9297F0008AD43 /* tdQvecPostProcessTests */,
			);
		};
/* End PBXProject section */

/* Begin PBXResourcesBuildPhase section */
		229EBEDF22B9297F0008AD43 /* Resources */ = {
			isa = PBXResourcesBuildPhase;
			buildActionMask = 2147483647;
			files = (
				229EBF5922B92A4D0008AD43 /* Qvec.node.1.1.1.V4.bin.json in Resources */,
				229EBF2822B92A4D0008AD43 /* Post_Processing_Dims_dims.0.0.0.V4.json in Resources */,
				229EBF5122B92A4D0008AD43 /* Qvec.F3.node.0.1.1.V4.bin.json in Resources */,
				229EBF4122B92A4D0008AD43 /* Qvec.node.1.1.0.V4.bin.json in Resources */,
				229EBF5422B92A4D0008AD43 /* Qvec.F3.node.0.1.0.V4.bin in Resources */,
				229EBF5722B92A4D0008AD43 /* Qvec.node.1.1.0.V4.bin in Resources */,
				229EBF3122B92A4D0008AD43 /* Qvec.node.0.1.1.V4.bin.json in Resources */,
				229EBF5822B92A4D0008AD43 /* Qvec.F3.node.1.1.1.V4.bin in Resources */,
				229EBF3722B92A4D0008AD43 /* Qvec.node.1.1.1.V4.bin.json in Resources */,
				229EBF4F22B92A4D0008AD43 /* Qvec.F3.node.1.1.1.V4.bin.json in Resources */,
				229EBF3222B92A4D0008AD43 /* Qvec.F3.node.0.1.0.V4.bin in Resources */,
				229EBF3622B92A4D0008AD43 /* Qvec.F3.node.1.1.1.V4.bin in Resources */,
				229EBF4922B92A4D0008AD43 /* Qvec.F3.node.0.1.0.V4.bin.json in Resources */,
				229EBF3422B92A4D0008AD43 /* Qvec.F3.node.1.1.0.V4.bin.json in Resources */,
				229EBF3A22B92A4D0008AD43 /* Qvec.node.0.1.0.V4.bin in Resources */,
				229EBF3822B92A4D0008AD43 /* Qvec.F3.node.0.1.0.V4.bin.json in Resources */,
				229EBF3F22B92A4D0008AD43 /* Qvec.node.0.1.0.V4.bin.json in Resources */,
				229EBF4622B92A4D0008AD43 /* Qvec.node.1.1.0.V4.bin in Resources */,
				229EBF4022B92A4D0008AD43 /* Qvec.F3.node.0.1.1.V4.bin.json in Resources */,
				229EBF4C22B92A4D0008AD43 /* Qvec.F3.node.0.1.1.V4.bin in Resources */,
				229EBF4822B92A4D0008AD43 /* Qvec.node.1.1.1.V4.bin.json in Resources */,
				229EBF4522B92A4D0008AD43 /* Qvec.F3.node.1.1.0.V4.bin.json in Resources */,
				229EBF5022B92A4D0008AD43 /* Qvec.node.0.1.0.V4.bin.json in Resources */,
				229EBF5A22B92A4D0008AD43 /* Qvec.F3.node.0.1.0.V4.bin.json in Resources */,
				229EBF3022B92A4D0008AD43 /* Qvec.node.1.1.0.V4.bin.json in Resources */,
				229EBF3322B92A4D0008AD43 /* Qvec.node.0.1.1.V4.bin in Resources */,
				229EBF2E22B92A4D0008AD43 /* Qvec.node.0.1.0.V4.bin.json in Resources */,
				229EBF5222B92A4D0008AD43 /* Qvec.node.1.1.0.V4.bin.json in Resources */,
				229EBF2A22B92A4D0008AD43 /* Qvec.F3.node.0.1.1.V4.bin in Resources */,
				229EBF3C22B92A4D0008AD43 /* Qvec.F3.node.1.1.0.V4.bin in Resources */,
				229EBF3522B92A4D0008AD43 /* Qvec.node.1.1.0.V4.bin in Resources */,
				229EBF4E22B92A4D0008AD43 /* Qvec.node.1.1.1.V4.bin in Resources */,
				229EBF2F22B92A4D0008AD43 /* Qvec.F3.node.0.1.1.V4.bin.json in Resources */,
				229EBF3B22B92A4D0008AD43 /* Qvec.F3.node.0.1.1.V4.bin in Resources */,
				2236024B22C4FB8C006C179D /* cTestData.text in Resources */,
				229EBF4222B92A4D0008AD43 /* Qvec.node.0.1.1.V4.bin.json in Resources */,
				229EBF3922B92A4D0008AD43 /* Post_Processing_Dims_dims.0.0.0.V4.json in Resources */,
				229EBF4D22B92A4D0008AD43 /* Qvec.F3.node.1.1.0.V4.bin in Resources */,
				229EBF3D22B92A4D0008AD43 /* Qvec.node.1.1.1.V4.bin in Resources */,
				229EBF5522B92A4D0008AD43 /* Qvec.node.0.1.1.V4.bin in Resources */,
				229EBF5322B92A4D0008AD43 /* Qvec.node.0.1.1.V4.bin.json in Resources */,
				229EBF5622B92A4D0008AD43 /* Qvec.F3.node.1.1.0.V4.bin.json in Resources */,
				229EBF2C22B92A4D0008AD43 /* Qvec.node.1.1.1.V4.bin in Resources */,
				229EBF2B22B92A4D0008AD43 /* Qvec.F3.node.1.1.0.V4.bin in Resources */,
				229EBF4A22B92A4D0008AD43 /* Post_Processing_Dims_dims.0.0.0.V4.json in Resources */,
				229EBF2D22B92A4D0008AD43 /* Qvec.F3.node.1.1.1.V4.bin.json in Resources */,
				229EBF4322B92A4D0008AD43 /* Qvec.F3.node.0.1.0.V4.bin in Resources */,
				229EBF4B22B92A4D0008AD43 /* Qvec.node.0.1.0.V4.bin in Resources */,
				229EBF3E22B92A4D0008AD43 /* Qvec.F3.node.1.1.1.V4.bin.json in Resources */,
				229EBF2922B92A4D0008AD43 /* Qvec.node.0.1.0.V4.bin in Resources */,
				229EBF4422B92A4D0008AD43 /* Qvec.node.0.1.1.V4.bin in Resources */,
				229EBF4722B92A4D0008AD43 /* Qvec.F3.node.1.1.1.V4.bin in Resources */,
			);
			runOnlyForDeploymentPostprocessing = 0;
		};
/* End PBXResourcesBuildPhase section */

/* Begin PBXSourcesBuildPhase section */
		229EBEBE22B926BC0008AD43 /* Sources */ = {
			isa = PBXSourcesBuildPhase;
			buildActionMask = 2147483647;
			files = (
				229EBEC622B926BC0008AD43 /* main.swift in Sources */,
				229EBED922B927220008AD43 /* HelperFunctions.swift in Sources */,
				229EBED722B927220008AD43 /* PostProcessingDims.swift in Sources */,
				229EBED322B927220008AD43 /* QvecDims.swift in Sources */,
				2236022B22C2B8F6006C179D /* qVecPostProcess.swift in Sources */,
				229EBED622B927220008AD43 /* typeAlias.swift in Sources */,
				229EBED522B927220008AD43 /* InputFilesV4.swift in Sources */,
				2236022F22C3BFCE006C179D /* diskSparseBuffer.swift in Sources */,
			);
			runOnlyForDeploymentPostprocessing = 0;
		};
		229EBEDD22B9297F0008AD43 /* Sources */ = {
			isa = PBXSourcesBuildPhase;
			buildActionMask = 2147483647;
			files = (
				229EBEE422B9297F0008AD43 /* tdQvecPostProcessTests.swift in Sources */,
				229EBEEF22B929AE0008AD43 /* XCTestManifests.swift in Sources */,
				229EBEED22B929AE0008AD43 /* LinuxMain.swift in Sources */,
				2236024922C4FB72006C179D /* testLoadBuffer.c in Sources */,
			);
			runOnlyForDeploymentPostprocessing = 0;
		};
/* End PBXSourcesBuildPhase section */

/* Begin XCBuildConfiguration section */
		229EBEC722B926BC0008AD43 /* Debug */ = {
			isa = XCBuildConfiguration;
			buildSettings = {
				ALWAYS_SEARCH_USER_PATHS = NO;
				CLANG_ANALYZER_NONNULL = YES;
				CLANG_ANALYZER_NUMBER_OBJECT_CONVERSION = YES_AGGRESSIVE;
				CLANG_CXX_LANGUAGE_STANDARD = "gnu++14";
				CLANG_CXX_LIBRARY = "libc++";
				CLANG_ENABLE_MODULES = YES;
				CLANG_ENABLE_OBJC_ARC = YES;
				CLANG_ENABLE_OBJC_WEAK = YES;
				CLANG_WARN_BLOCK_CAPTURE_AUTORELEASING = YES;
				CLANG_WARN_BOOL_CONVERSION = YES;
				CLANG_WARN_COMMA = YES;
				CLANG_WARN_CONSTANT_CONVERSION = YES;
				CLANG_WARN_DEPRECATED_OBJC_IMPLEMENTATIONS = YES;
				CLANG_WARN_DIRECT_OBJC_ISA_USAGE = YES_ERROR;
				CLANG_WARN_DOCUMENTATION_COMMENTS = YES;
				CLANG_WARN_EMPTY_BODY = YES;
				CLANG_WARN_ENUM_CONVERSION = YES;
				CLANG_WARN_INFINITE_RECURSION = YES;
				CLANG_WARN_INT_CONVERSION = YES;
				CLANG_WARN_NON_LITERAL_NULL_CONVERSION = YES;
				CLANG_WARN_OBJC_IMPLICIT_RETAIN_SELF = YES;
				CLANG_WARN_OBJC_LITERAL_CONVERSION = YES;
				CLANG_WARN_OBJC_ROOT_CLASS = YES_ERROR;
				CLANG_WARN_RANGE_LOOP_ANALYSIS = YES;
				CLANG_WARN_STRICT_PROTOTYPES = YES;
				CLANG_WARN_SUSPICIOUS_MOVE = YES;
				CLANG_WARN_UNGUARDED_AVAILABILITY = YES_AGGRESSIVE;
				CLANG_WARN_UNREACHABLE_CODE = YES;
				CLANG_WARN__DUPLICATE_METHOD_MATCH = YES;
				COPY_PHASE_STRIP = NO;
				DEBUG_INFORMATION_FORMAT = dwarf;
				ENABLE_STRICT_OBJC_MSGSEND = YES;
				ENABLE_TESTABILITY = YES;
				GCC_C_LANGUAGE_STANDARD = gnu11;
				GCC_DYNAMIC_NO_PIC = NO;
				GCC_NO_COMMON_BLOCKS = YES;
				GCC_OPTIMIZATION_LEVEL = 0;
				GCC_PREPROCESSOR_DEFINITIONS = (
					"DEBUG=1",
					"$(inherited)",
				);
				GCC_WARN_64_TO_32_BIT_CONVERSION = YES;
				GCC_WARN_ABOUT_RETURN_TYPE = YES_ERROR;
				GCC_WARN_UNDECLARED_SELECTOR = YES;
				GCC_WARN_UNINITIALIZED_AUTOS = YES_AGGRESSIVE;
				GCC_WARN_UNUSED_FUNCTION = YES;
				GCC_WARN_UNUSED_VARIABLE = YES;
				MACOSX_DEPLOYMENT_TARGET = 10.15;
				MTL_ENABLE_DEBUG_INFO = INCLUDE_SOURCE;
				MTL_FAST_MATH = YES;
				ONLY_ACTIVE_ARCH = YES;
				SDKROOT = macosx;
				SWIFT_ACTIVE_COMPILATION_CONDITIONS = DEBUG;
				SWIFT_OPTIMIZATION_LEVEL = "-Onone";
			};
			name = Debug;
		};
		229EBEC822B926BC0008AD43 /* Release */ = {
			isa = XCBuildConfiguration;
			buildSettings = {
				ALWAYS_SEARCH_USER_PATHS = NO;
				CLANG_ANALYZER_NONNULL = YES;
				CLANG_ANALYZER_NUMBER_OBJECT_CONVERSION = YES_AGGRESSIVE;
				CLANG_CXX_LANGUAGE_STANDARD = "gnu++14";
				CLANG_CXX_LIBRARY = "libc++";
				CLANG_ENABLE_MODULES = YES;
				CLANG_ENABLE_OBJC_ARC = YES;
				CLANG_ENABLE_OBJC_WEAK = YES;
				CLANG_WARN_BLOCK_CAPTURE_AUTORELEASING = YES;
				CLANG_WARN_BOOL_CONVERSION = YES;
				CLANG_WARN_COMMA = YES;
				CLANG_WARN_CONSTANT_CONVERSION = YES;
				CLANG_WARN_DEPRECATED_OBJC_IMPLEMENTATIONS = YES;
				CLANG_WARN_DIRECT_OBJC_ISA_USAGE = YES_ERROR;
				CLANG_WARN_DOCUMENTATION_COMMENTS = YES;
				CLANG_WARN_EMPTY_BODY = YES;
				CLANG_WARN_ENUM_CONVERSION = YES;
				CLANG_WARN_INFINITE_RECURSION = YES;
				CLANG_WARN_INT_CONVERSION = YES;
				CLANG_WARN_NON_LITERAL_NULL_CONVERSION = YES;
				CLANG_WARN_OBJC_IMPLICIT_RETAIN_SELF = YES;
				CLANG_WARN_OBJC_LITERAL_CONVERSION = YES;
				CLANG_WARN_OBJC_ROOT_CLASS = YES_ERROR;
				CLANG_WARN_RANGE_LOOP_ANALYSIS = YES;
				CLANG_WARN_STRICT_PROTOTYPES = YES;
				CLANG_WARN_SUSPICIOUS_MOVE = YES;
				CLANG_WARN_UNGUARDED_AVAILABILITY = YES_AGGRESSIVE;
				CLANG_WARN_UNREACHABLE_CODE = YES;
				CLANG_WARN__DUPLICATE_METHOD_MATCH = YES;
				COPY_PHASE_STRIP = NO;
				DEBUG_INFORMATION_FORMAT = "dwarf-with-dsym";
				ENABLE_NS_ASSERTIONS = NO;
				ENABLE_STRICT_OBJC_MSGSEND = YES;
				GCC_C_LANGUAGE_STANDARD = gnu11;
				GCC_NO_COMMON_BLOCKS = YES;
				GCC_WARN_64_TO_32_BIT_CONVERSION = YES;
				GCC_WARN_ABOUT_RETURN_TYPE = YES_ERROR;
				GCC_WARN_UNDECLARED_SELECTOR = YES;
				GCC_WARN_UNINITIALIZED_AUTOS = YES_AGGRESSIVE;
				GCC_WARN_UNUSED_FUNCTION = YES;
				GCC_WARN_UNUSED_VARIABLE = YES;
				MACOSX_DEPLOYMENT_TARGET = 10.15;
				MTL_ENABLE_DEBUG_INFO = NO;
				MTL_FAST_MATH = YES;
				SDKROOT = macosx;
				SWIFT_COMPILATION_MODE = wholemodule;
				SWIFT_OPTIMIZATION_LEVEL = "-O";
			};
			name = Release;
		};
		229EBECA22B926BC0008AD43 /* Debug */ = {
			isa = XCBuildConfiguration;
			buildSettings = {
				CLANG_ENABLE_MODULES = YES;
				CODE_SIGN_STYLE = Automatic;
				LD_RUNPATH_SEARCH_PATHS = (
					"$(inherited)",
					"@executable_path/../Frameworks",
					"@loader_path/../Frameworks",
				);
				PRODUCT_NAME = "$(TARGET_NAME)";
				SWIFT_OBJC_BRIDGING_HEADER = "tdQvecPostProcess/tdQvecPostProcess-Bridging-Header.h";
				SWIFT_OPTIMIZATION_LEVEL = "-Onone";
				SWIFT_VERSION = 5.0;
			};
			name = Debug;
		};
		229EBECB22B926BC0008AD43 /* Release */ = {
			isa = XCBuildConfiguration;
			buildSettings = {
				CLANG_ENABLE_MODULES = YES;
				CODE_SIGN_STYLE = Automatic;
				LD_RUNPATH_SEARCH_PATHS = (
					"$(inherited)",
					"@executable_path/../Frameworks",
					"@loader_path/../Frameworks",
				);
				PRODUCT_NAME = "$(TARGET_NAME)";
				SWIFT_OBJC_BRIDGING_HEADER = "tdQvecPostProcess/tdQvecPostProcess-Bridging-Header.h";
				SWIFT_VERSION = 5.0;
			};
			name = Release;
		};
		229EBEE722B9297F0008AD43 /* Debug */ = {
			isa = XCBuildConfiguration;
			buildSettings = {
				CODE_SIGN_STYLE = Automatic;
				COMBINE_HIDPI_IMAGES = YES;
				INFOPLIST_FILE = tdQvecPostProcessTests/Info.plist;
				LD_RUNPATH_SEARCH_PATHS = (
					"$(inherited)",
					"@executable_path/../Frameworks",
					"@loader_path/../Frameworks",
				);
				PRODUCT_BUNDLE_IDENTIFIER = TD.tdQvecPostProcessTests;
				PRODUCT_NAME = "$(TARGET_NAME)";
				SWIFT_VERSION = 5.0;
			};
			name = Debug;
		};
		229EBEE822B9297F0008AD43 /* Release */ = {
			isa = XCBuildConfiguration;
			buildSettings = {
				CODE_SIGN_STYLE = Automatic;
				COMBINE_HIDPI_IMAGES = YES;
				INFOPLIST_FILE = tdQvecPostProcessTests/Info.plist;
				LD_RUNPATH_SEARCH_PATHS = (
					"$(inherited)",
					"@executable_path/../Frameworks",
					"@loader_path/../Frameworks",
				);
				PRODUCT_BUNDLE_IDENTIFIER = TD.tdQvecPostProcessTests;
				PRODUCT_NAME = "$(TARGET_NAME)";
				SWIFT_VERSION = 5.0;
			};
			name = Release;
		};
/* End XCBuildConfiguration section */

/* Begin XCConfigurationList section */
		229EBEBD22B926BC0008AD43 /* Build configuration list for PBXProject "tdQvecPostProcess" */ = {
			isa = XCConfigurationList;
			buildConfigurations = (
				229EBEC722B926BC0008AD43 /* Debug */,
				229EBEC822B926BC0008AD43 /* Release */,
			);
			defaultConfigurationIsVisible = 0;
			defaultConfigurationName = Release;
		};
		229EBEC922B926BC0008AD43 /* Build configuration list for PBXNativeTarget "tdQvecPostProcess" */ = {
			isa = XCConfigurationList;
			buildConfigurations = (
				229EBECA22B926BC0008AD43 /* Debug */,
				229EBECB22B926BC0008AD43 /* Release */,
			);
			defaultConfigurationIsVisible = 0;
			defaultConfigurationName = Release;
		};
		229EBEE622B9297F0008AD43 /* Build configuration list for PBXNativeTarget "tdQvecPostProcessTests" */ = {
			isa = XCConfigurationList;
			buildConfigurations = (
				229EBEE722B9297F0008AD43 /* Debug */,
				229EBEE822B9297F0008AD43 /* Release */,
			);
			defaultConfigurationIsVisible = 0;
			defaultConfigurationName = Release;
		};
/* End XCConfigurationList section */

/* Begin XCRemoteSwiftPackageReference section */
		2236024F22C62F57006C179D /* XCRemoteSwiftPackageReference "swift-log" */ = {
			isa = XCRemoteSwiftPackageReference;
			repositoryURL = "https://github.com/apple/swift-log.git";
			requirement = {
				kind = upToNextMajorVersion;
				minimumVersion = 1.1.0;
			};
		};
/* End XCRemoteSwiftPackageReference section */

/* Begin XCSwiftPackageProductDependency section */
		2236025022C62F57006C179D /* Logging */ = {
			isa = XCSwiftPackageProductDependency;
			package = 2236024F22C62F57006C179D /* XCRemoteSwiftPackageReference "swift-log" */;
			productName = Logging;
		};
/* End XCSwiftPackageProductDependency section */
	};
	rootObject = 229EBEBA22B926BC0008AD43 /* Project object */;
}
